{
  "name": "cypress-do-zero-a-nuvem",
  "version": "1.0.0",
  "lockfileVersion": 3,
  "requires": true,
  "packages": {
    "": {
      "name": "cypress-do-zero-a-nuvem",
      "version": "1.0.0",
      "license": "MIT",
      "dependencies": {
        "cypress-do-zero-a-nuvem": "file:"
      }
    },
    "node_modules/cypress-do-zero-a-nuvem": {
      "resolved": "",
      "link": true
    }
  }
}
